
Microsoft Visual Studio Solution File, Format Version 12.00
# Visual Studio Version 17
VisualStudioVersion = 17.2.32630.192
MinimumVisualStudioVersion = 10.0.40219.1
Project("{9A19103F-16F7-4668-BE54-9A1E7A4F7556}") = "AOC2021", "AOC2021\AOC2021.csproj", "{039E8F87-B101-4FD7-B045-FE3657B09106}"
EndProject
Project("{FAE04EC0-301F-11D3-BF4B-00C04F79EFBC}") = "AOC2015", "AOC2015\AOC2015.csproj", "{59793E68-47E4-4EAC-8CED-46B19E06045D}"
EndProject
Project("{2150E333-8FDC-42A3-9474-1A3956D46DE8}") = "Solution Items", "Solution Items", "{03B9255C-3EA6-42AD-91E3-67D475ABC3B5}"
	ProjectSection(SolutionItems) = preProject
		.editorconfig = .editorconfig
	EndProjectSection
EndProject
Global
	GlobalSection(SolutionConfigurationPlatforms) = preSolution
		Debug|Any CPU = Debug|Any CPU
		Release|Any CPU = Release|Any CPU
	EndGlobalSection
	GlobalSection(ProjectConfigurationPlatforms) = postSolution
		{039E8F87-B101-4FD7-B045-FE3657B09106}.Debug|Any CPU.ActiveCfg = Debug|Any CPU
		{039E8F87-B101-4FD7-B045-FE3657B09106}.Debug|Any CPU.Build.0 = Debug|Any CPU
		{039E8F87-B101-4FD7-B045-FE3657B09106}.Release|Any CPU.ActiveCfg = Release|Any CPU
		{039E8F87-B101-4FD7-B045-FE3657B09106}.Release|Any CPU.Build.0 = Release|Any CPU
		{59793E68-47E4-4EAC-8CED-46B19E06045D}.Debug|Any CPU.ActiveCfg = Debug|Any CPU
		{59793E68-47E4-4EAC-8CED-46B19E06045D}.Debug|Any CPU.Build.0 = Debug|Any CPU
		{59793E68-47E4-4EAC-8CED-46B19E06045D}.Release|Any CPU.ActiveCfg = Release|Any CPU
		{59793E68-47E4-4EAC-8CED-46B19E06045D}.Release|Any CPU.Build.0 = Release|Any CPU
	EndGlobalSection
	GlobalSection(SolutionProperties) = preSolution
		HideSolutionNode = FALSE
	EndGlobalSection
	GlobalSection(ExtensibilityGlobals) = postSolution
		SolutionGuid = {98DA312A-104E-4090-8374-6A923EB36E04}
	EndGlobalSection
EndGlobal
